Lr! D�CDD�R3�91!4�!!H,@�D@�-���yhrG���m�ޗ��k7��]oz�"�}5ַ��[�vm�����"���ɪ�H�o�k7��&������k7��Mu�������{��oF�׷��^��:�Ny���m�`��%{�%��r���}5�KޮȨ�Mw淬�[�vm�����"���ɪ�H�o࢈%{�%��r������&����]����N}���q�y����^k�{sG7~}��|�Ɲz��u�܉�������]7j��-t��'q�~���jmz���j׾z���%j�7�gn�W�����G��m�{^����
(�W�j�h����N�����Z �����ۙ����u�jzZ8�Jު笷n�ҷ��/�z���ݴ��e�ߚ�����ky���K-����ޞ�5�[-�)���+��~����Ka����m��
(�W�rZ.w���b�{>zk�j�+�M>jZakm�z�"�}t�楦�淬�[�vm�����"���ɪ�H�o࢈%{�%��~�ܶ*'�禺V�������rب�Ϟ��Z����M>jZaknm�6��w��͸������_s~���7�~[ٯy�^���zw"z�(�	^��h��춊ځ�vէf�8�ӎڎ�vٺ��Z�ǫ�^�rX����{m6��%��5�g(�����+{}u{kz�8מ ��%{�k��>~)^�Mv�
(�W��+6�] ����
�s^5��i����-u�ihu�!�^���&��tҸ�����[����lz���,ޮ�t�٩�M����]0�{-�}��&���4�
(�W�rZ.w�-���{]���슉��Z޲�oy�m��?�����k�&��� r���� �����h����춊ځ��[`ͭ����[����ti�<}�<�\�t�שzw^�Ȟ�
(�W�rZ.w�(�j'�]�j��-tѫ2�ʹ��'q�~���jmy���j׾z���%j�7�gn�W�����G�����M rϫz˦i�^��e��t�HZ�������ږ'Z�*'�mb�}5�)��ܩzʹ��{]��驉���{-����ޞ�5�[-�)���+��~����Ka����m��ܩz�ڞ�j��םx��i��ޮȨ�^u�楦�z�%��a��l��ނ+-�,��zd��&�ܩz�ڞ�j����ڞ�j���^u�楦��=�u�4s���8i״��8��|���v�i�|��r��?m�돣�]���슉�ۚ޲�oy�m��?�����k�&��� r���*^��ڱ��;?��ڱ��;>�nm�>|ٽ��z���m�:ѭ���;����5w��w�r��?r$�֫׽�z�"�}{޷��[�vm�����"���ɪ�H�o�ʗ���h�'Z���r$�֫�^���k���v��ޜ�W��}����Ӟ^u��u��q��z��u�܉�-ʗ��zzܩz�߳籶���kޮȨ��6��(�����i���z����j��(��r��?~Ϟ�����߳籶���M��>���[m�9���m�6��Z�w=o��w�;��m�^���zw"z�r��?��^�*^��Z�g��ʹߛޮȨ�m7淬�[�vm�����"���ɪ�H�o�ʗ�����������z���m7��3�������x����v�}�پy����n��*^��ڲh�{m��楦�z�"�}��o���Z��(�����i���z����j��(��r��?��&�w���ڲh�{���o���Z��yƞ{��{����q��i�[q����7��<��ʗ��zz���*'�M���(�����i���z����j��(��r��?��^���׾�M����m:�^���v�W�^�����n�q�{ӟw�-ʗ��z{�<�ܩz��׺ӎ�z�"�~���޲�oy�m��?�����k�&��� r���*^���u���z{���`�����uk�8����vo�8�m6�kw�w���ܩz���M���슉��}�z�%��a��l��ނ+-�,��zd��&�ܩz������M7��3mݼ��{s��}�u��ٶ�}�6k���_tsG9�*^�����o�y�k����N�z�"�}��[�vm�����"���ɪ�H�o�ʗ��ǥzx���m���������o�y�k����};��w~���Zow�����}���ݮ����֛���ʗ��ǥzx���m�����}��*^�����o�y�k���۝�����*'۝�ڷ��[�vm�����"���ɪ�H�o�ʗ��ǥzx���m���������o�y�k����nw�k`Ͼo��o�9��Z}����8u֟w��__ۗrܩz����{隧Nu��슉��Z޲�oy�m��?�����k�&��� r���*^��(���f������{隧�9��3���u�]Ӧ�߽��]�秞m��kg�wG��~��*^��2�צ��5�}�z�"�}5�}�z�%��a��l��ނ+-�,��zd��&�ܩz����^�;?��2�צ�ϴ������m8s�m�۾]�\�G�ם����yknjǺ�M���슉��Z޲�oy�m��?�����k�&��� r�������{�>�mm�6�ݮ6�N���|�9Ӯ^��m�xs~\�4��R8ԭ���N	H�R����]���슉��Z޲�oy�m��?�����k�&��� r��%#�J��jo����5+ky���}m�>������5u��{^�շ�~�ݾ�s�=�{��^���zw"z��zZ�ǵ�Ka���